
Microsoft Visual Studio Solution File, Format Version 12.00
# Visual Studio Version 17
VisualStudioVersion = 17.0.31919.166
MinimumVisualStudioVersion = 10.0.40219.1
Project("{9A19103F-16F7-4668-BE54-9A1E7A4F7556}") = "AdApi", "API\AdApi\AdApi.csproj", "{56844190-8B64-44AF-8475-30C50CD3A0C3}"
EndProject
Project("{9A19103F-16F7-4668-BE54-9A1E7A4F7556}") = "AdCore", "API\AdCore\AdCore.csproj", "{67ED6D47-B84E-42C6-A6DA-0FF55B8CABD6}"
EndProject
Project("{9A19103F-16F7-4668-BE54-9A1E7A4F7556}") = "AdService", "API\AdService\AdService.csproj", "{5E2BEDA9-0A0D-4A0C-ACF3-A1997DFE1BDD}"
EndProject
Project("{9A19103F-16F7-4668-BE54-9A1E7A4F7556}") = "AdRepository", "API\AdRepository\AdRepository.csproj", "{730D3845-7BFC-484C-AAE8-28B52EA2D9CE}"
EndProject
Project("{2150E333-8FDC-42A3-9474-1A3956D46DE8}") = "UI", "UI", "{914002A1-3258-4DB9-890C-66108C5BD970}"
EndProject
Project("{2150E333-8FDC-42A3-9474-1A3956D46DE8}") = "API", "API", "{0042780E-9201-4A2A-AFFF-441352232AFD}"
EndProject
Project("{9A19103F-16F7-4668-BE54-9A1E7A4F7556}") = "AdUi", "UI\AdUi\AdUi.csproj", "{A42A514B-421A-4987-8493-C492DB56147D}"
EndProject
Project("{9A19103F-16F7-4668-BE54-9A1E7A4F7556}") = "AdCore", "UI\AdCore\AdCore.csproj", "{2E06B040-E73D-465F-BC91-24A690A8E78F}"
EndProject
Project("{2150E333-8FDC-42A3-9474-1A3956D46DE8}") = "Tests", "Tests", "{51D04C8B-0D70-4E09-B843-29B6396DD254}"
EndProject
Project("{FAE04EC0-301F-11D3-BF4B-00C04F79EFBC}") = "AdManagement.xUnit.Tests", "Tests\AdManagement.xUnit.Tests\AdManagement.xUnit.Tests.csproj", "{79FC703D-3774-4F74-9022-E5B5EA79B4DB}"
EndProject
Project("{FAE04EC0-301F-11D3-BF4B-00C04F79EFBC}") = "AdManagement.NUnit.Tests", "Tests\AdManagement.NUnit.Tests\AdManagement.NUnit.Tests.csproj", "{27C980F4-D74F-422F-BF32-7D4868FB49E4}"
EndProject
Global
	GlobalSection(SolutionConfigurationPlatforms) = preSolution
		Debug|Any CPU = Debug|Any CPU
		Release|Any CPU = Release|Any CPU
	EndGlobalSection
	GlobalSection(ProjectConfigurationPlatforms) = postSolution
		{56844190-8B64-44AF-8475-30C50CD3A0C3}.Debug|Any CPU.ActiveCfg = Debug|Any CPU
		{56844190-8B64-44AF-8475-30C50CD3A0C3}.Debug|Any CPU.Build.0 = Debug|Any CPU
		{56844190-8B64-44AF-8475-30C50CD3A0C3}.Release|Any CPU.ActiveCfg = Release|Any CPU
		{56844190-8B64-44AF-8475-30C50CD3A0C3}.Release|Any CPU.Build.0 = Release|Any CPU
		{67ED6D47-B84E-42C6-A6DA-0FF55B8CABD6}.Debug|Any CPU.ActiveCfg = Debug|Any CPU
		{67ED6D47-B84E-42C6-A6DA-0FF55B8CABD6}.Debug|Any CPU.Build.0 = Debug|Any CPU
		{67ED6D47-B84E-42C6-A6DA-0FF55B8CABD6}.Release|Any CPU.ActiveCfg = Release|Any CPU
		{67ED6D47-B84E-42C6-A6DA-0FF55B8CABD6}.Release|Any CPU.Build.0 = Release|Any CPU
		{5E2BEDA9-0A0D-4A0C-ACF3-A1997DFE1BDD}.Debug|Any CPU.ActiveCfg = Debug|Any CPU
		{5E2BEDA9-0A0D-4A0C-ACF3-A1997DFE1BDD}.Debug|Any CPU.Build.0 = Debug|Any CPU
		{5E2BEDA9-0A0D-4A0C-ACF3-A1997DFE1BDD}.Release|Any CPU.ActiveCfg = Release|Any CPU
		{5E2BEDA9-0A0D-4A0C-ACF3-A1997DFE1BDD}.Release|Any CPU.Build.0 = Release|Any CPU
		{730D3845-7BFC-484C-AAE8-28B52EA2D9CE}.Debug|Any CPU.ActiveCfg = Debug|Any CPU
		{730D3845-7BFC-484C-AAE8-28B52EA2D9CE}.Debug|Any CPU.Build.0 = Debug|Any CPU
		{730D3845-7BFC-484C-AAE8-28B52EA2D9CE}.Release|Any CPU.ActiveCfg = Release|Any CPU
		{730D3845-7BFC-484C-AAE8-28B52EA2D9CE}.Release|Any CPU.Build.0 = Release|Any CPU
		{A42A514B-421A-4987-8493-C492DB56147D}.Debug|Any CPU.ActiveCfg = Debug|Any CPU
		{A42A514B-421A-4987-8493-C492DB56147D}.Debug|Any CPU.Build.0 = Debug|Any CPU
		{A42A514B-421A-4987-8493-C492DB56147D}.Release|Any CPU.ActiveCfg = Release|Any CPU
		{A42A514B-421A-4987-8493-C492DB56147D}.Release|Any CPU.Build.0 = Release|Any CPU
		{2E06B040-E73D-465F-BC91-24A690A8E78F}.Debug|Any CPU.ActiveCfg = Debug|Any CPU
		{2E06B040-E73D-465F-BC91-24A690A8E78F}.Debug|Any CPU.Build.0 = Debug|Any CPU
		{2E06B040-E73D-465F-BC91-24A690A8E78F}.Release|Any CPU.ActiveCfg = Release|Any CPU
		{2E06B040-E73D-465F-BC91-24A690A8E78F}.Release|Any CPU.Build.0 = Release|Any CPU
		{79FC703D-3774-4F74-9022-E5B5EA79B4DB}.Debug|Any CPU.ActiveCfg = Debug|Any CPU
		{79FC703D-3774-4F74-9022-E5B5EA79B4DB}.Debug|Any CPU.Build.0 = Debug|Any CPU
		{79FC703D-3774-4F74-9022-E5B5EA79B4DB}.Release|Any CPU.ActiveCfg = Release|Any CPU
		{79FC703D-3774-4F74-9022-E5B5EA79B4DB}.Release|Any CPU.Build.0 = Release|Any CPU
		{27C980F4-D74F-422F-BF32-7D4868FB49E4}.Debug|Any CPU.ActiveCfg = Debug|Any CPU
		{27C980F4-D74F-422F-BF32-7D4868FB49E4}.Debug|Any CPU.Build.0 = Debug|Any CPU
		{27C980F4-D74F-422F-BF32-7D4868FB49E4}.Release|Any CPU.ActiveCfg = Release|Any CPU
		{27C980F4-D74F-422F-BF32-7D4868FB49E4}.Release|Any CPU.Build.0 = Release|Any CPU
	EndGlobalSection
	GlobalSection(SolutionProperties) = preSolution
		HideSolutionNode = FALSE
	EndGlobalSection
	GlobalSection(NestedProjects) = preSolution
		{56844190-8B64-44AF-8475-30C50CD3A0C3} = {0042780E-9201-4A2A-AFFF-441352232AFD}
		{67ED6D47-B84E-42C6-A6DA-0FF55B8CABD6} = {0042780E-9201-4A2A-AFFF-441352232AFD}
		{5E2BEDA9-0A0D-4A0C-ACF3-A1997DFE1BDD} = {0042780E-9201-4A2A-AFFF-441352232AFD}
		{730D3845-7BFC-484C-AAE8-28B52EA2D9CE} = {0042780E-9201-4A2A-AFFF-441352232AFD}
		{A42A514B-421A-4987-8493-C492DB56147D} = {914002A1-3258-4DB9-890C-66108C5BD970}
		{2E06B040-E73D-465F-BC91-24A690A8E78F} = {914002A1-3258-4DB9-890C-66108C5BD970}
		{79FC703D-3774-4F74-9022-E5B5EA79B4DB} = {51D04C8B-0D70-4E09-B843-29B6396DD254}
		{27C980F4-D74F-422F-BF32-7D4868FB49E4} = {51D04C8B-0D70-4E09-B843-29B6396DD254}
	EndGlobalSection
	GlobalSection(ExtensibilityGlobals) = postSolution
		SolutionGuid = {9D0007E0-7103-4158-A882-57D5D62AEB33}
	EndGlobalSection
EndGlobal
